{
  "version": 4,
  "terraform_version": "1.4.5",
  "serial": 529,
  "lineage": "f20cadbb-2003-3a41-2eb1-d96f86d8c8fb",
  "outputs": {
    "alb-private-id": {
      "value": "arn:aws:elasticloadbalancing:us-east-1:831187637319:loadbalancer/app/Backend/f02501e442a2f96d",
      "type": "string"
    },
    "alb-public-id": {
      "value": "arn:aws:elasticloadbalancing:us-east-1:831187637319:loadbalancer/app/frontend/d07e8ba4c343b365",
      "type": "string"
    },
    "dns_alb_pb_name": {
      "value": "frontend-1317019849.us-east-1.elb.amazonaws.com",
      "type": "string"
    },
    "ec2-private-1-id": {
      "value": "i-0c90c72bd61ab7e03",
      "type": "string"
    },
    "ec2-private-2-id": {
      "value": "i-0f6ee4c5ce8bcde4c",
      "type": "string"
    },
    "ec2-public-1-id": {
      "value": "i-0a68b031143026f26",
      "type": "string"
    },
    "ec2-public-2-id": {
      "value": "i-09bbfd33ea83d1b60",
      "type": "string"
    },
    "ig-id": {
      "value": "igw-05300c36bccade228",
      "type": "string"
    },
    "nat-id": {
      "value": "nat-09c63ecdedb7b6939",
      "type": "string"
    },
    "public-private-1": {
      "value": "subnet-073cbfb0773ddd651",
      "type": "string"
    },
    "public-private-2": {
      "value": "subnet-04294a64e3ec06933",
      "type": "string"
    },
    "public-subnet-1": {
      "value": "subnet-0c982b19bbe55b2f3",
      "type": "string"
    },
    "public-subnet-2": {
      "value": "subnet-0f0680a2f535474d5",
      "type": "string"
    },
    "s3_id": {
      "value": "pf-is-3tier-project-vpc-flow-log",
      "type": "string"
    },
    "sg-alb-private": {
      "value": "sg-04db6334c8c7ad9d3",
      "type": "string"
    },
    "sg-alb-public": {
      "value": "sg-0816c7ed03cab19bd",
      "type": "string"
    },
    "sg-private": {
      "value": "sg-037af11aefc0fb1fa",
      "type": "string"
    },
    "sg-public": {
      "value": "sg-085255ecb032b9374",
      "type": "string"
    },
    "vpc_id": {
      "value": "vpc-007667b27f29a6d81",
      "type": "string"
    }
  },
  "resources": [
    {
      "mode": "data",
      "type": "template_file",
      "name": "user_data_backend",
      "provider": "provider[\"registry.terraform.io/hashicorp/template\"]",
      "instances": [
        {
          "schema_version": 0,
          "attributes": {
            "filename": null,
            "id": "c0f91186d4a9534c10953c0caa997d9c74c653fd46bc4bd44808c65fc48a029f",
            "rendered": "  #!/bin/bash\napt-get update -y\napt-get upgrade -y\napt-get install -y apache2\n\n# Instalar Node.js como superusuario\nsudo apt update\nsudo apt install -y nodejs\nsudo apt install -y npm\n\n# Verificar la versión de Node.js instalada\nnode -v\n\n\nsudo npm cache clean -f\nsudo npm install -g n\nsudo n stable\nsudo n latest\n\n# Clonar el repositorio\ngit clone https://github.com/Endercarias/api-is.git\n\n\n# Instalar dependencias\nsudo npm install\n\n# Instalar Express\n#sudo npm install express\n\n# sudo npm install -g nodemon\n\n#sudo npm uninstall bcrypt\n#sudo npm install bcryptjs\n#sudo npm install bcrypt\n\n# Iniciar la aplicación\nsudo npm start",
            "template": "  #!/bin/bash\napt-get update -y\napt-get upgrade -y\napt-get install -y apache2\n\n# Instalar Node.js como superusuario\nsudo apt update\nsudo apt install -y nodejs\nsudo apt install -y npm\n\n# Verificar la versión de Node.js instalada\nnode -v\n\n\nsudo npm cache clean -f\nsudo npm install -g n\nsudo n stable\nsudo n latest\n\n# Clonar el repositorio\ngit clone https://github.com/Endercarias/api-is.git\n\n\n# Instalar dependencias\nsudo npm install\n\n# Instalar Express\n#sudo npm install express\n\n# sudo npm install -g nodemon\n\n#sudo npm uninstall bcrypt\n#sudo npm install bcryptjs\n#sudo npm install bcrypt\n\n# Iniciar la aplicación\nsudo npm start",
            "vars": null
          },
          "sensitive_attributes": []
        }
      ]
    },
    {
      "mode": "data",
      "type": "template_file",
      "name": "user_data_fronted",
      "provider": "provider[\"registry.terraform.io/hashicorp/template\"]",
      "instances": [
        {
          "schema_version": 0,
          "attributes": {
            "filename": null,
            "id": "05b7bc86f3de71ee6d9962b56bbf1de77ea8d9875556828011cd3ba9efbf7c98",
            "rendered": "#!/bin/bash\n\napt-get update -y\napt-get upgrade -y\napt-get install -y apache2\n\n# Instalar Node.js como superusuario\nsudo apt update\nsudo apt install -y nodejs\nsudo apt install -y npm\n\n# Verificar la versión de Node.js instalada\nnode -v\n\nsudo npm cache clean -f\nsudo npm install -g n\nsudo n stable\n\n# Clonar el repositorio\nsudo git clone https://github.com/Endercarias/api-is.git\n\n\n\n# Instalar Angular como superusuario\nsudo npm install -g @angular/cli\n\nsudo npm install\n\n# Actualizar environment.prod.ts\necho \"export const environment = {\n  production: true,\n  backendUrl: 'http://Backend-1578754862.us-east-1.elb.amazonaws.com:3000/' \n};\" \u003e src/environments/environment.prod.ts\n\n# Actualizar environment.ts\necho \"export const environment = {\n  production: false,\n  backendUrl: 'http://Backend-1578754862.us-east-1.elb.amazonaws.com:3000/' \n};\" \u003e src/environments/environment.ts\n\n# Hacer build del proyecto\n#sudo ng build\n\n# Mover el contenido del build al directorio de Apache\n#sudo mv dist/* /var/www/html/\n\n# Hacer build del proyecto\nsudo ng build \nsudo mv dist/* /var/www/html/\n\nsudo mv -f /var/www/html/* /var/www/html\n\n# Reiniciar el servicio de Apache\nsudo service apache2 restart\n",
            "template": "#!/bin/bash\n\napt-get update -y\napt-get upgrade -y\napt-get install -y apache2\n\n# Instalar Node.js como superusuario\nsudo apt update\nsudo apt install -y nodejs\nsudo apt install -y npm\n\n# Verificar la versión de Node.js instalada\nnode -v\n\nsudo npm cache clean -f\nsudo npm install -g n\nsudo n stable\n\n# Clonar el repositorio\nsudo git clone https://github.com/Endercarias/api-is.git\n\n\n\n# Instalar Angular como superusuario\nsudo npm install -g @angular/cli\n\nsudo npm install\n\n# Actualizar environment.prod.ts\necho \"export const environment = {\n  production: true,\n  backendUrl: 'http://${lb_dns}:3000/' \n};\" \u003e src/environments/environment.prod.ts\n\n# Actualizar environment.ts\necho \"export const environment = {\n  production: false,\n  backendUrl: 'http://${lb_dns}:3000/' \n};\" \u003e src/environments/environment.ts\n\n# Hacer build del proyecto\n#sudo ng build\n\n# Mover el contenido del build al directorio de Apache\n#sudo mv dist/* /var/www/html/\n\n# Hacer build del proyecto\nsudo ng build \nsudo mv dist/* /var/www/html/\n\nsudo mv -f /var/www/html/* /var/www/html\n\n# Reiniciar el servicio de Apache\nsudo service apache2 restart\n",
            "vars": {
              "lb_dns": "Backend-1578754862.us-east-1.elb.amazonaws.com"
            }
          },
          "sensitive_attributes": []
        }
      ]
    },
    {
      "mode": "managed",
      "type": "aws_eip",
      "name": "nat",
      "provider": "provider[\"registry.terraform.io/hashicorp/aws\"]",
      "instances": [
        {
          "schema_version": 0,
          "attributes": {
            "address": null,
            "allocation_id": "eipalloc-0e670f235a47b08e8",
            "associate_with_private_ip": null,
            "association_id": "eipassoc-067700a983ef768fe",
            "carrier_ip": "",
            "customer_owned_ip": "",
            "customer_owned_ipv4_pool": "",
            "domain": "vpc",
            "id": "eipalloc-0e670f235a47b08e8",
            "instance": "",
            "network_border_group": "us-east-1",
            "network_interface": "eni-06f695d1b04767a3e",
            "private_dns": "ip-10-0-2-210.ec2.internal",
            "private_ip": "10.0.2.210",
            "public_dns": "ec2-54-242-98-87.compute-1.amazonaws.com",
            "public_ip": "54.242.98.87",
            "public_ipv4_pool": "amazon",
            "tags": {
              "Environment": "dev",
              "Name": "3tier-project-nat-eip",
              "Path": "terraform/ntg.tf"
            },
            "tags_all": {
              "Environment": "dev",
              "Name": "3tier-project-nat-eip",
              "Path": "terraform/ntg.tf"
            },
            "timeouts": null,
            "vpc": true
          },
          "sensitive_attributes": [],
          "private": "eyJlMmJmYjczMC1lY2FhLTExZTYtOGY4OC0zNDM2M2JjN2M0YzAiOnsiZGVsZXRlIjoxODAwMDAwMDAwMDAsInJlYWQiOjkwMDAwMDAwMDAwMCwidXBkYXRlIjozMDAwMDAwMDAwMDB9fQ=="
        }
      ]
    },
    {
      "mode": "managed",
      "type": "aws_instance",
      "name": "ec2-private-1",
      "provider": "provider[\"registry.terraform.io/hashicorp/aws\"]",
      "instances": [
        {
          "schema_version": 1,
          "attributes": {
            "ami": "ami-007855ac798b5175e",
            "arn": "arn:aws:ec2:us-east-1:831187637319:instance/i-0c90c72bd61ab7e03",
            "associate_public_ip_address": false,
            "availability_zone": "us-east-1a",
            "capacity_reservation_specification": [
              {
                "capacity_reservation_preference": "open",
                "capacity_reservation_target": []
              }
            ],
            "cpu_core_count": 1,
            "cpu_options": [
              {
                "amd_sev_snp": "",
                "core_count": 1,
                "threads_per_core": 1
              }
            ],
            "cpu_threads_per_core": 1,
            "credit_specification": [
              {
                "cpu_credits": "standard"
              }
            ],
            "disable_api_stop": false,
            "disable_api_termination": false,
            "ebs_block_device": [],
            "ebs_optimized": false,
            "enclave_options": [
              {
                "enabled": false
              }
            ],
            "ephemeral_block_device": [],
            "get_password_data": false,
            "hibernation": false,
            "host_id": "",
            "host_resource_group_arn": null,
            "iam_instance_profile": "",
            "id": "i-0c90c72bd61ab7e03",
            "instance_initiated_shutdown_behavior": "stop",
            "instance_state": "running",
            "instance_type": "t2.micro",
            "ipv6_address_count": 0,
            "ipv6_addresses": [],
            "key_name": "generated_key",
            "launch_template": [],
            "maintenance_options": [
              {
                "auto_recovery": "default"
              }
            ],
            "metadata_options": [
              {
                "http_endpoint": "enabled",
                "http_put_response_hop_limit": 1,
                "http_tokens": "optional",
                "instance_metadata_tags": "disabled"
              }
            ],
            "monitoring": false,
            "network_interface": [],
            "outpost_arn": "",
            "password_data": "",
            "placement_group": "",
            "placement_partition_number": 0,
            "primary_network_interface_id": "eni-0919b801b35a03582",
            "private_dns": "ip-10-0-0-202.ec2.internal",
            "private_dns_name_options": [
              {
                "enable_resource_name_dns_a_record": false,
                "enable_resource_name_dns_aaaa_record": false,
                "hostname_type": "ip-name"
              }
            ],
            "private_ip": "10.0.0.202",
            "public_dns": "",
            "public_ip": "",
            "root_block_device": [
              {
                "delete_on_termination": true,
                "device_name": "/dev/sda1",
                "encrypted": false,
                "iops": 100,
                "kms_key_id": "",
                "tags": {},
                "throughput": 0,
                "volume_id": "vol-0643db2a0434adcff",
                "volume_size": 8,
                "volume_type": "gp2"
              }
            ],
            "secondary_private_ips": [],
            "security_groups": [],
            "source_dest_check": true,
            "subnet_id": "subnet-073cbfb0773ddd651",
            "tags": {
              "Environment": "dev",
              "Name": "3tier-project-ec2-private-1",
              "Path": "terraform/ec2-private.tf"
            },
            "tags_all": {
              "Environment": "dev",
              "Name": "3tier-project-ec2-private-1",
              "Path": "terraform/ec2-private.tf"
            },
            "tenancy": "default",
            "timeouts": null,
            "user_data": "801a1136ea948c6e874abc4904412935f630e7d9",
            "user_data_base64": null,
            "user_data_replace_on_change": false,
            "volume_tags": null,
            "vpc_security_group_ids": [
              "sg-037af11aefc0fb1fa"
            ]
          },
          "sensitive_attributes": [],
          "private": "eyJlMmJmYjczMC1lY2FhLTExZTYtOGY4OC0zNDM2M2JjN2M0YzAiOnsiY3JlYXRlIjo2MDAwMDAwMDAwMDAsImRlbGV0ZSI6MTIwMDAwMDAwMDAwMCwidXBkYXRlIjo2MDAwMDAwMDAwMDB9LCJzY2hlbWFfdmVyc2lvbiI6IjEifQ==",
          "dependencies": [
            "aws_key_pair.generated_key",
            "aws_s3_bucket.this",
            "aws_security_group.alb-private-sg",
            "aws_security_group.private",
            "aws_subnet.private-subnet-1",
            "aws_vpc.this",
            "data.template_file.user_data_backend",
            "tls_private_key.this"
          ]
        }
      ]
    },
    {
      "mode": "managed",
      "type": "aws_instance",
      "name": "ec2-private-2",
      "provider": "provider[\"registry.terraform.io/hashicorp/aws\"]",
      "instances": [
        {
          "schema_version": 1,
          "attributes": {
            "ami": "ami-007855ac798b5175e",
            "arn": "arn:aws:ec2:us-east-1:831187637319:instance/i-0f6ee4c5ce8bcde4c",
            "associate_public_ip_address": false,
            "availability_zone": "us-east-1a",
            "capacity_reservation_specification": [
              {
                "capacity_reservation_preference": "open",
                "capacity_reservation_target": []
              }
            ],
            "cpu_core_count": 1,
            "cpu_options": [
              {
                "amd_sev_snp": "",
                "core_count": 1,
                "threads_per_core": 1
              }
            ],
            "cpu_threads_per_core": 1,
            "credit_specification": [
              {
                "cpu_credits": "standard"
              }
            ],
            "disable_api_stop": false,
            "disable_api_termination": false,
            "ebs_block_device": [],
            "ebs_optimized": false,
            "enclave_options": [
              {
                "enabled": false
              }
            ],
            "ephemeral_block_device": [],
            "get_password_data": false,
            "hibernation": false,
            "host_id": "",
            "host_resource_group_arn": null,
            "iam_instance_profile": "",
            "id": "i-0f6ee4c5ce8bcde4c",
            "instance_initiated_shutdown_behavior": "stop",
            "instance_state": "running",
            "instance_type": "t2.micro",
            "ipv6_address_count": 0,
            "ipv6_addresses": [],
            "key_name": "generated_key",
            "launch_template": [],
            "maintenance_options": [
              {
                "auto_recovery": "default"
              }
            ],
            "metadata_options": [
              {
                "http_endpoint": "enabled",
                "http_put_response_hop_limit": 1,
                "http_tokens": "optional",
                "instance_metadata_tags": "disabled"
              }
            ],
            "monitoring": false,
            "network_interface": [],
            "outpost_arn": "",
            "password_data": "",
            "placement_group": "",
            "placement_partition_number": 0,
            "primary_network_interface_id": "eni-06bac1bf97af27a90",
            "private_dns": "ip-10-0-0-73.ec2.internal",
            "private_dns_name_options": [
              {
                "enable_resource_name_dns_a_record": false,
                "enable_resource_name_dns_aaaa_record": false,
                "hostname_type": "ip-name"
              }
            ],
            "private_ip": "10.0.0.73",
            "public_dns": "",
            "public_ip": "",
            "root_block_device": [
              {
                "delete_on_termination": true,
                "device_name": "/dev/sda1",
                "encrypted": false,
                "iops": 100,
                "kms_key_id": "",
                "tags": {},
                "throughput": 0,
                "volume_id": "vol-06b582bb37e9edf1d",
                "volume_size": 8,
                "volume_type": "gp2"
              }
            ],
            "secondary_private_ips": [],
            "security_groups": [],
            "source_dest_check": true,
            "subnet_id": "subnet-073cbfb0773ddd651",
            "tags": {
              "Environment": "dev",
              "Name": "3tier-project-ec2-private-2",
              "Path": "terraform/ec2-private.tf"
            },
            "tags_all": {
              "Environment": "dev",
              "Name": "3tier-project-ec2-private-2",
              "Path": "terraform/ec2-private.tf"
            },
            "tenancy": "default",
            "timeouts": null,
            "user_data": "801a1136ea948c6e874abc4904412935f630e7d9",
            "user_data_base64": null,
            "user_data_replace_on_change": false,
            "volume_tags": null,
            "vpc_security_group_ids": [
              "sg-037af11aefc0fb1fa"
            ]
          },
          "sensitive_attributes": [],
          "private": "eyJlMmJmYjczMC1lY2FhLTExZTYtOGY4OC0zNDM2M2JjN2M0YzAiOnsiY3JlYXRlIjo2MDAwMDAwMDAwMDAsImRlbGV0ZSI6MTIwMDAwMDAwMDAwMCwidXBkYXRlIjo2MDAwMDAwMDAwMDB9LCJzY2hlbWFfdmVyc2lvbiI6IjEifQ==",
          "dependencies": [
            "aws_key_pair.generated_key",
            "aws_s3_bucket.this",
            "aws_security_group.alb-private-sg",
            "aws_security_group.private",
            "aws_subnet.private-subnet-1",
            "aws_vpc.this",
            "data.template_file.user_data_backend",
            "tls_private_key.this"
          ]
        }
      ]
    },
    {
      "mode": "managed",
      "type": "aws_instance",
      "name": "ec2-public-1",
      "provider": "provider[\"registry.terraform.io/hashicorp/aws\"]",
      "instances": [
        {
          "index_key": 0,
          "schema_version": 1,
          "attributes": {
            "ami": "ami-007855ac798b5175e",
            "arn": "arn:aws:ec2:us-east-1:831187637319:instance/i-0a68b031143026f26",
            "associate_public_ip_address": true,
            "availability_zone": "us-east-1a",
            "capacity_reservation_specification": [
              {
                "capacity_reservation_preference": "open",
                "capacity_reservation_target": []
              }
            ],
            "cpu_core_count": 1,
            "cpu_options": [
              {
                "amd_sev_snp": "",
                "core_count": 1,
                "threads_per_core": 1
              }
            ],
            "cpu_threads_per_core": 1,
            "credit_specification": [
              {
                "cpu_credits": "standard"
              }
            ],
            "disable_api_stop": false,
            "disable_api_termination": false,
            "ebs_block_device": [],
            "ebs_optimized": false,
            "enclave_options": [
              {
                "enabled": false
              }
            ],
            "ephemeral_block_device": [],
            "get_password_data": false,
            "hibernation": false,
            "host_id": "",
            "host_resource_group_arn": null,
            "iam_instance_profile": "",
            "id": "i-0a68b031143026f26",
            "instance_initiated_shutdown_behavior": "stop",
            "instance_state": "running",
            "instance_type": "t2.micro",
            "ipv6_address_count": 0,
            "ipv6_addresses": [],
            "key_name": "generated_key",
            "launch_template": [],
            "maintenance_options": [
              {
                "auto_recovery": "default"
              }
            ],
            "metadata_options": [
              {
                "http_endpoint": "enabled",
                "http_put_response_hop_limit": 1,
                "http_tokens": "optional",
                "instance_metadata_tags": "disabled"
              }
            ],
            "monitoring": false,
            "network_interface": [],
            "outpost_arn": "",
            "password_data": "",
            "placement_group": "",
            "placement_partition_number": 0,
            "primary_network_interface_id": "eni-062cb72b7f96a182e",
            "private_dns": "ip-10-0-2-217.ec2.internal",
            "private_dns_name_options": [
              {
                "enable_resource_name_dns_a_record": false,
                "enable_resource_name_dns_aaaa_record": false,
                "hostname_type": "ip-name"
              }
            ],
            "private_ip": "10.0.2.217",
            "public_dns": "",
            "public_ip": "3.85.167.138",
            "root_block_device": [
              {
                "delete_on_termination": true,
                "device_name": "/dev/sda1",
                "encrypted": false,
                "iops": 100,
                "kms_key_id": "",
                "tags": {},
                "throughput": 0,
                "volume_id": "vol-0f4ee444b66a9bc24",
                "volume_size": 8,
                "volume_type": "gp2"
              }
            ],
            "secondary_private_ips": [],
            "security_groups": [],
            "source_dest_check": true,
            "subnet_id": "subnet-0c982b19bbe55b2f3",
            "tags": {
              "Environment": "dev",
              "Name": "3tier-project-ec2-public-1",
              "Path": "terraform/ec2-public.tf"
            },
            "tags_all": {
              "Environment": "dev",
              "Name": "3tier-project-ec2-public-1",
              "Path": "terraform/ec2-public.tf"
            },
            "tenancy": "default",
            "timeouts": null,
            "user_data": "118674605c7d41c082c95ffcd53ef5e14429e95f",
            "user_data_base64": null,
            "user_data_replace_on_change": false,
            "volume_tags": null,
            "vpc_security_group_ids": [
              "sg-085255ecb032b9374"
            ]
          },
          "sensitive_attributes": [],
          "private": "eyJlMmJmYjczMC1lY2FhLTExZTYtOGY4OC0zNDM2M2JjN2M0YzAiOnsiY3JlYXRlIjo2MDAwMDAwMDAwMDAsImRlbGV0ZSI6MTIwMDAwMDAwMDAwMCwidXBkYXRlIjo2MDAwMDAwMDAwMDB9LCJzY2hlbWFfdmVyc2lvbiI6IjEifQ==",
          "dependencies": [
            "aws_key_pair.generated_key",
            "aws_lb.internal-alb",
            "aws_s3_bucket.this",
            "aws_security_group.alb-private-sg",
            "aws_security_group.alb-public-sg",
            "aws_security_group.public",
            "aws_subnet.private-subnet-2",
            "aws_subnet.public-subnet-1",
            "aws_vpc.this",
            "data.template_file.user_data_fronted",
            "tls_private_key.this"
          ]
        }
      ]
    },
    {
      "mode": "managed",
      "type": "aws_instance",
      "name": "ec2-public-2",
      "provider": "provider[\"registry.terraform.io/hashicorp/aws\"]",
      "instances": [
        {
          "index_key": 0,
          "schema_version": 1,
          "attributes": {
            "ami": "ami-007855ac798b5175e",
            "arn": "arn:aws:ec2:us-east-1:831187637319:instance/i-09bbfd33ea83d1b60",
            "associate_public_ip_address": true,
            "availability_zone": "us-east-1a",
            "capacity_reservation_specification": [
              {
                "capacity_reservation_preference": "open",
                "capacity_reservation_target": []
              }
            ],
            "cpu_core_count": 1,
            "cpu_options": [
              {
                "amd_sev_snp": "",
                "core_count": 1,
                "threads_per_core": 1
              }
            ],
            "cpu_threads_per_core": 1,
            "credit_specification": [
              {
                "cpu_credits": "standard"
              }
            ],
            "disable_api_stop": false,
            "disable_api_termination": false,
            "ebs_block_device": [],
            "ebs_optimized": false,
            "enclave_options": [
              {
                "enabled": false
              }
            ],
            "ephemeral_block_device": [],
            "get_password_data": false,
            "hibernation": false,
            "host_id": "",
            "host_resource_group_arn": null,
            "iam_instance_profile": "",
            "id": "i-09bbfd33ea83d1b60",
            "instance_initiated_shutdown_behavior": "stop",
            "instance_state": "running",
            "instance_type": "t2.micro",
            "ipv6_address_count": 0,
            "ipv6_addresses": [],
            "key_name": "generated_key",
            "launch_template": [],
            "maintenance_options": [
              {
                "auto_recovery": "default"
              }
            ],
            "metadata_options": [
              {
                "http_endpoint": "enabled",
                "http_put_response_hop_limit": 1,
                "http_tokens": "optional",
                "instance_metadata_tags": "disabled"
              }
            ],
            "monitoring": false,
            "network_interface": [],
            "outpost_arn": "",
            "password_data": "",
            "placement_group": "",
            "placement_partition_number": 0,
            "primary_network_interface_id": "eni-0297cb86392fc9654",
            "private_dns": "ip-10-0-2-5.ec2.internal",
            "private_dns_name_options": [
              {
                "enable_resource_name_dns_a_record": false,
                "enable_resource_name_dns_aaaa_record": false,
                "hostname_type": "ip-name"
              }
            ],
            "private_ip": "10.0.2.5",
            "public_dns": "",
            "public_ip": "3.80.46.118",
            "root_block_device": [
              {
                "delete_on_termination": true,
                "device_name": "/dev/sda1",
                "encrypted": false,
                "iops": 100,
                "kms_key_id": "",
                "tags": {},
                "throughput": 0,
                "volume_id": "vol-02843e13aa87b12d4",
                "volume_size": 8,
                "volume_type": "gp2"
              }
            ],
            "secondary_private_ips": [],
            "security_groups": [],
            "source_dest_check": true,
            "subnet_id": "subnet-0c982b19bbe55b2f3",
            "tags": {
              "Environment": "dev",
              "Name": "3tier-project-ec2-public-2",
              "Path": "terraform/ec2-public.tf"
            },
            "tags_all": {
              "Environment": "dev",
              "Name": "3tier-project-ec2-public-2",
              "Path": "terraform/ec2-public.tf"
            },
            "tenancy": "default",
            "timeouts": null,
            "user_data": "118674605c7d41c082c95ffcd53ef5e14429e95f",
            "user_data_base64": null,
            "user_data_replace_on_change": false,
            "volume_tags": null,
            "vpc_security_group_ids": [
              "sg-085255ecb032b9374"
            ]
          },
          "sensitive_attributes": [],
          "private": "eyJlMmJmYjczMC1lY2FhLTExZTYtOGY4OC0zNDM2M2JjN2M0YzAiOnsiY3JlYXRlIjo2MDAwMDAwMDAwMDAsImRlbGV0ZSI6MTIwMDAwMDAwMDAwMCwidXBkYXRlIjo2MDAwMDAwMDAwMDB9LCJzY2hlbWFfdmVyc2lvbiI6IjEifQ==",
          "dependencies": [
            "aws_key_pair.generated_key",
            "aws_lb.internal-alb",
            "aws_lb_listener.internal-alb",
            "aws_lb_target_group.internal-target-group",
            "aws_s3_bucket.this",
            "aws_security_group.alb-private-sg",
            "aws_security_group.alb-public-sg",
            "aws_security_group.public",
            "aws_subnet.private-subnet-2",
            "aws_subnet.public-subnet-1",
            "aws_vpc.this",
            "data.template_file.user_data_fronted",
            "tls_private_key.this"
          ]
        }
      ]
    },
    {
      "mode": "managed",
      "type": "aws_internet_gateway",
      "name": "this",
      "provider": "provider[\"registry.terraform.io/hashicorp/aws\"]",
      "instances": [
        {
          "schema_version": 0,
          "attributes": {
            "arn": "arn:aws:ec2:us-east-1:831187637319:internet-gateway/igw-05300c36bccade228",
            "id": "igw-05300c36bccade228",
            "owner_id": "831187637319",
            "tags": {},
            "tags_all": {},
            "timeouts": null,
            "vpc_id": "vpc-007667b27f29a6d81"
          },
          "sensitive_attributes": [],
          "private": "eyJlMmJmYjczMC1lY2FhLTExZTYtOGY4OC0zNDM2M2JjN2M0YzAiOnsiY3JlYXRlIjoxMjAwMDAwMDAwMDAwLCJkZWxldGUiOjEyMDAwMDAwMDAwMDAsInVwZGF0ZSI6MTIwMDAwMDAwMDAwMH19",
          "dependencies": [
            "aws_s3_bucket.this",
            "aws_vpc.this"
          ]
        }
      ]
    },
    {
      "mode": "managed",
      "type": "aws_key_pair",
      "name": "generated_key",
      "provider": "provider[\"registry.terraform.io/hashicorp/aws\"]",
      "instances": [
        {
          "schema_version": 1,
          "attributes": {
            "arn": "arn:aws:ec2:us-east-1:831187637319:key-pair/generated_key",
            "fingerprint": "51:02:86:eb:c2:cd:ee:40:d6:8c:74:5e:7c:25:4d:d5",
            "id": "generated_key",
            "key_name": "generated_key",
            "key_name_prefix": "",
            "key_pair_id": "key-0b34294ba96918539",
            "key_type": "rsa",
            "public_key": "ssh-rsa AAAAB3NzaC1yc2EAAAADAQABAAABAQClg5UWkBoustaZy/qVixjldUsvjn9Ux9p9oW6xHNzJ6VhZ5DiBsQV7FFmW6FYvDpu6eyfb9vZv3eQrL7MN3fjNE3zR1sDljx68wsN9CNlO9aXJSoPgMjk/IkBSgsaUhQ5pah1WbjwJMRK/VNTPy5hNG39xMpFG+EYsQF9iS5f0dRNZgKyVE7lMNSz96lVfZLGJMJFcDXPtUVGSs3iUp36/N5JO8KJXtLQX5x9nv1lBywupxEjYlnrtXl7hwTU6FY515CIuf7+EyHta0gR6YQNlGov0x85+88HIE3lzffXBdVMsgvDuh+h1CT+8YKSOVThDhcxyl6dz62dTtWlVnIp/",
            "tags": {},
            "tags_all": {}
          },
          "sensitive_attributes": [],
          "private": "eyJzY2hlbWFfdmVyc2lvbiI6IjEifQ==",
          "dependencies": [
            "tls_private_key.this"
          ]
        }
      ]
    },
    {
      "mode": "managed",
      "type": "aws_lb",
      "name": "external-alb",
      "provider": "provider[\"registry.terraform.io/hashicorp/aws\"]",
      "instances": [
        {
          "schema_version": 0,
          "attributes": {
            "access_logs": [
              {
                "bucket": "",
                "enabled": false,
                "prefix": ""
              }
            ],
            "arn": "arn:aws:elasticloadbalancing:us-east-1:831187637319:loadbalancer/app/frontend/d07e8ba4c343b365",
            "arn_suffix": "app/frontend/d07e8ba4c343b365",
            "customer_owned_ipv4_pool": "",
            "desync_mitigation_mode": "defensive",
            "dns_name": "frontend-1317019849.us-east-1.elb.amazonaws.com",
            "drop_invalid_header_fields": false,
            "enable_cross_zone_load_balancing": true,
            "enable_deletion_protection": false,
            "enable_http2": true,
            "enable_tls_version_and_cipher_suite_headers": false,
            "enable_waf_fail_open": false,
            "enable_xff_client_port": false,
            "id": "arn:aws:elasticloadbalancing:us-east-1:831187637319:loadbalancer/app/frontend/d07e8ba4c343b365",
            "idle_timeout": 60,
            "internal": false,
            "ip_address_type": "ipv4",
            "load_balancer_type": "application",
            "name": "frontend",
            "name_prefix": null,
            "preserve_host_header": false,
            "security_groups": [
              "sg-0816c7ed03cab19bd"
            ],
            "subnet_mapping": [
              {
                "allocation_id": "",
                "ipv6_address": "",
                "outpost_id": "",
                "private_ipv4_address": "",
                "subnet_id": "subnet-0c982b19bbe55b2f3"
              },
              {
                "allocation_id": "",
                "ipv6_address": "",
                "outpost_id": "",
                "private_ipv4_address": "",
                "subnet_id": "subnet-0f0680a2f535474d5"
              }
            ],
            "subnets": [
              "subnet-0c982b19bbe55b2f3",
              "subnet-0f0680a2f535474d5"
            ],
            "tags": {},
            "tags_all": {},
            "timeouts": null,
            "vpc_id": "vpc-007667b27f29a6d81",
            "xff_header_processing_mode": "append",
            "zone_id": "Z35SXDOTRQ7X7K"
          },
          "sensitive_attributes": [],
          "private": "eyJlMmJmYjczMC1lY2FhLTExZTYtOGY4OC0zNDM2M2JjN2M0YzAiOnsiY3JlYXRlIjo2MDAwMDAwMDAwMDAsImRlbGV0ZSI6NjAwMDAwMDAwMDAwLCJ1cGRhdGUiOjYwMDAwMDAwMDAwMH19",
          "dependencies": [
            "aws_s3_bucket.this",
            "aws_security_group.alb-public-sg",
            "aws_subnet.public-subnet-1",
            "aws_subnet.public-subnet-2",
            "aws_vpc.this"
          ]
        }
      ]
    },
    {
      "mode": "managed",
      "type": "aws_lb",
      "name": "internal-alb",
      "provider": "provider[\"registry.terraform.io/hashicorp/aws\"]",
      "instances": [
        {
          "schema_version": 0,
          "attributes": {
            "access_logs": [
              {
                "bucket": "",
                "enabled": false,
                "prefix": ""
              }
            ],
            "arn": "arn:aws:elasticloadbalancing:us-east-1:831187637319:loadbalancer/app/Backend/f02501e442a2f96d",
            "arn_suffix": "app/Backend/f02501e442a2f96d",
            "customer_owned_ipv4_pool": "",
            "desync_mitigation_mode": "defensive",
            "dns_name": "Backend-1578754862.us-east-1.elb.amazonaws.com",
            "drop_invalid_header_fields": false,
            "enable_cross_zone_load_balancing": true,
            "enable_deletion_protection": false,
            "enable_http2": true,
            "enable_tls_version_and_cipher_suite_headers": false,
            "enable_waf_fail_open": false,
            "enable_xff_client_port": false,
            "id": "arn:aws:elasticloadbalancing:us-east-1:831187637319:loadbalancer/app/Backend/f02501e442a2f96d",
            "idle_timeout": 60,
            "internal": false,
            "ip_address_type": "ipv4",
            "load_balancer_type": "application",
            "name": "Backend",
            "name_prefix": null,
            "preserve_host_header": false,
            "security_groups": [
              "sg-04db6334c8c7ad9d3"
            ],
            "subnet_mapping": [
              {
                "allocation_id": "",
                "ipv6_address": "",
                "outpost_id": "",
                "private_ipv4_address": "",
                "subnet_id": "subnet-04294a64e3ec06933"
              },
              {
                "allocation_id": "",
                "ipv6_address": "",
                "outpost_id": "",
                "private_ipv4_address": "",
                "subnet_id": "subnet-0c982b19bbe55b2f3"
              }
            ],
            "subnets": [
              "subnet-04294a64e3ec06933",
              "subnet-0c982b19bbe55b2f3"
            ],
            "tags": {},
            "tags_all": {},
            "timeouts": null,
            "vpc_id": "vpc-007667b27f29a6d81",
            "xff_header_processing_mode": "append",
            "zone_id": "Z35SXDOTRQ7X7K"
          },
          "sensitive_attributes": [],
          "private": "eyJlMmJmYjczMC1lY2FhLTExZTYtOGY4OC0zNDM2M2JjN2M0YzAiOnsiY3JlYXRlIjo2MDAwMDAwMDAwMDAsImRlbGV0ZSI6NjAwMDAwMDAwMDAwLCJ1cGRhdGUiOjYwMDAwMDAwMDAwMH19",
          "dependencies": [
            "aws_s3_bucket.this",
            "aws_security_group.alb-private-sg",
            "aws_subnet.private-subnet-2",
            "aws_subnet.public-subnet-1",
            "aws_vpc.this"
          ]
        }
      ]
    },
    {
      "mode": "managed",
      "type": "aws_lb_listener",
      "name": "external-elb",
      "provider": "provider[\"registry.terraform.io/hashicorp/aws\"]",
      "instances": [
        {
          "schema_version": 0,
          "attributes": {
            "alpn_policy": null,
            "arn": "arn:aws:elasticloadbalancing:us-east-1:831187637319:listener/app/frontend/d07e8ba4c343b365/7b25d9a208a09872",
            "certificate_arn": null,
            "default_action": [
              {
                "authenticate_cognito": [],
                "authenticate_oidc": [],
                "fixed_response": [],
                "forward": [],
                "order": 1,
                "redirect": [],
                "target_group_arn": "arn:aws:elasticloadbalancing:us-east-1:831187637319:targetgroup/External-Alb-Target-Group/f7b330db668a57f7",
                "type": "forward"
              }
            ],
            "id": "arn:aws:elasticloadbalancing:us-east-1:831187637319:listener/app/frontend/d07e8ba4c343b365/7b25d9a208a09872",
            "load_balancer_arn": "arn:aws:elasticloadbalancing:us-east-1:831187637319:loadbalancer/app/frontend/d07e8ba4c343b365",
            "port": 80,
            "protocol": "HTTP",
            "ssl_policy": "",
            "tags": {},
            "tags_all": {},
            "timeouts": null
          },
          "sensitive_attributes": [],
          "private": "eyJlMmJmYjczMC1lY2FhLTExZTYtOGY4OC0zNDM2M2JjN2M0YzAiOnsicmVhZCI6NjAwMDAwMDAwMDAwfX0=",
          "dependencies": [
            "aws_lb.external-alb",
            "aws_lb_target_group.external-targer-group",
            "aws_s3_bucket.this",
            "aws_security_group.alb-public-sg",
            "aws_subnet.public-subnet-1",
            "aws_subnet.public-subnet-2",
            "aws_vpc.this"
          ]
        }
      ]
    },
    {
      "mode": "managed",
      "type": "aws_lb_listener",
      "name": "internal-alb",
      "provider": "provider[\"registry.terraform.io/hashicorp/aws\"]",
      "instances": [
        {
          "schema_version": 0,
          "attributes": {
            "alpn_policy": null,
            "arn": "arn:aws:elasticloadbalancing:us-east-1:831187637319:listener/app/Backend/f02501e442a2f96d/269396345619e197",
            "certificate_arn": null,
            "default_action": [
              {
                "authenticate_cognito": [],
                "authenticate_oidc": [],
                "fixed_response": [],
                "forward": [],
                "order": 1,
                "redirect": [],
                "target_group_arn": "arn:aws:elasticloadbalancing:us-east-1:831187637319:targetgroup/Internal-Alb-Target-Group/53cfb89e31b73383",
                "type": "forward"
              }
            ],
            "id": "arn:aws:elasticloadbalancing:us-east-1:831187637319:listener/app/Backend/f02501e442a2f96d/269396345619e197",
            "load_balancer_arn": "arn:aws:elasticloadbalancing:us-east-1:831187637319:loadbalancer/app/Backend/f02501e442a2f96d",
            "port": 3000,
            "protocol": "HTTP",
            "ssl_policy": "",
            "tags": {},
            "tags_all": {},
            "timeouts": null
          },
          "sensitive_attributes": [],
          "private": "eyJlMmJmYjczMC1lY2FhLTExZTYtOGY4OC0zNDM2M2JjN2M0YzAiOnsicmVhZCI6NjAwMDAwMDAwMDAwfX0=",
          "dependencies": [
            "aws_lb.internal-alb",
            "aws_lb_target_group.internal-target-group",
            "aws_s3_bucket.this",
            "aws_security_group.alb-private-sg",
            "aws_subnet.private-subnet-2",
            "aws_subnet.public-subnet-1",
            "aws_vpc.this"
          ]
        }
      ]
    },
    {
      "mode": "managed",
      "type": "aws_lb_target_group",
      "name": "external-targer-group",
      "provider": "provider[\"registry.terraform.io/hashicorp/aws\"]",
      "instances": [
        {
          "schema_version": 0,
          "attributes": {
            "arn": "arn:aws:elasticloadbalancing:us-east-1:831187637319:targetgroup/External-Alb-Target-Group/f7b330db668a57f7",
            "arn_suffix": "targetgroup/External-Alb-Target-Group/f7b330db668a57f7",
            "connection_termination": false,
            "deregistration_delay": "300",
            "health_check": [
              {
                "enabled": true,
                "healthy_threshold": 5,
                "interval": 30,
                "matcher": "200",
                "path": "/",
                "port": "traffic-port",
                "protocol": "HTTP",
                "timeout": 5,
                "unhealthy_threshold": 2
              }
            ],
            "id": "arn:aws:elasticloadbalancing:us-east-1:831187637319:targetgroup/External-Alb-Target-Group/f7b330db668a57f7",
            "ip_address_type": "ipv4",
            "lambda_multi_value_headers_enabled": false,
            "load_balancing_algorithm_type": "round_robin",
            "load_balancing_cross_zone_enabled": "use_load_balancer_configuration",
            "name": "External-Alb-Target-Group",
            "name_prefix": null,
            "port": 80,
            "preserve_client_ip": null,
            "protocol": "HTTP",
            "protocol_version": "HTTP1",
            "proxy_protocol_v2": false,
            "slow_start": 0,
            "stickiness": [
              {
                "cookie_duration": 86400,
                "cookie_name": "",
                "enabled": false,
                "type": "lb_cookie"
              }
            ],
            "tags": {},
            "tags_all": {},
            "target_failover": [
              {
                "on_deregistration": null,
                "on_unhealthy": null
              }
            ],
            "target_type": "instance",
            "vpc_id": "vpc-007667b27f29a6d81"
          },
          "sensitive_attributes": [],
          "private": "bnVsbA==",
          "dependencies": [
            "aws_s3_bucket.this",
            "aws_vpc.this"
          ]
        }
      ]
    },
    {
      "mode": "managed",
      "type": "aws_lb_target_group",
      "name": "internal-target-group",
      "provider": "provider[\"registry.terraform.io/hashicorp/aws\"]",
      "instances": [
        {
          "schema_version": 0,
          "attributes": {
            "arn": "arn:aws:elasticloadbalancing:us-east-1:831187637319:targetgroup/Internal-Alb-Target-Group/53cfb89e31b73383",
            "arn_suffix": "targetgroup/Internal-Alb-Target-Group/53cfb89e31b73383",
            "connection_termination": false,
            "deregistration_delay": "300",
            "health_check": [
              {
                "enabled": true,
                "healthy_threshold": 5,
                "interval": 30,
                "matcher": "200",
                "path": "/",
                "port": "traffic-port",
                "protocol": "HTTP",
                "timeout": 5,
                "unhealthy_threshold": 2
              }
            ],
            "id": "arn:aws:elasticloadbalancing:us-east-1:831187637319:targetgroup/Internal-Alb-Target-Group/53cfb89e31b73383",
            "ip_address_type": "ipv4",
            "lambda_multi_value_headers_enabled": false,
            "load_balancing_algorithm_type": "round_robin",
            "load_balancing_cross_zone_enabled": "use_load_balancer_configuration",
            "name": "Internal-Alb-Target-Group",
            "name_prefix": null,
            "port": 3000,
            "preserve_client_ip": null,
            "protocol": "HTTP",
            "protocol_version": "HTTP1",
            "proxy_protocol_v2": false,
            "slow_start": 0,
            "stickiness": [
              {
                "cookie_duration": 86400,
                "cookie_name": "",
                "enabled": false,
                "type": "lb_cookie"
              }
            ],
            "tags": {},
            "tags_all": {},
            "target_failover": [
              {
                "on_deregistration": null,
                "on_unhealthy": null
              }
            ],
            "target_type": "instance",
            "vpc_id": "vpc-007667b27f29a6d81"
          },
          "sensitive_attributes": [],
          "private": "bnVsbA==",
          "dependencies": [
            "aws_s3_bucket.this",
            "aws_vpc.this"
          ]
        }
      ]
    },
    {
      "mode": "managed",
      "type": "aws_lb_target_group_attachment",
      "name": "external-attachment-1",
      "provider": "provider[\"registry.terraform.io/hashicorp/aws\"]",
      "instances": [
        {
          "schema_version": 0,
          "attributes": {
            "availability_zone": null,
            "id": "arn:aws:elasticloadbalancing:us-east-1:831187637319:targetgroup/External-Alb-Target-Group/f7b330db668a57f7-2023060601421246590000000c",
            "port": 80,
            "target_group_arn": "arn:aws:elasticloadbalancing:us-east-1:831187637319:targetgroup/External-Alb-Target-Group/f7b330db668a57f7",
            "target_id": "i-0a68b031143026f26"
          },
          "sensitive_attributes": [],
          "private": "bnVsbA==",
          "dependencies": [
            "aws_instance.ec2-public-1",
            "aws_key_pair.generated_key",
            "aws_lb.internal-alb",
            "aws_lb_target_group.external-targer-group",
            "aws_s3_bucket.this",
            "aws_security_group.alb-private-sg",
            "aws_security_group.alb-public-sg",
            "aws_security_group.public",
            "aws_subnet.private-subnet-2",
            "aws_subnet.public-subnet-1",
            "aws_vpc.this",
            "data.template_file.user_data_fronted",
            "tls_private_key.this"
          ]
        }
      ]
    },
    {
      "mode": "managed",
      "type": "aws_lb_target_group_attachment",
      "name": "external-attachment-2",
      "provider": "provider[\"registry.terraform.io/hashicorp/aws\"]",
      "instances": [
        {
          "schema_version": 0,
          "attributes": {
            "availability_zone": null,
            "id": "arn:aws:elasticloadbalancing:us-east-1:831187637319:targetgroup/External-Alb-Target-Group/f7b330db668a57f7-2023060601421278310000000d",
            "port": 80,
            "target_group_arn": "arn:aws:elasticloadbalancing:us-east-1:831187637319:targetgroup/External-Alb-Target-Group/f7b330db668a57f7",
            "target_id": "i-09bbfd33ea83d1b60"
          },
          "sensitive_attributes": [],
          "private": "bnVsbA==",
          "dependencies": [
            "aws_instance.ec2-public-2",
            "aws_key_pair.generated_key",
            "aws_lb.internal-alb",
            "aws_lb_listener.internal-alb",
            "aws_lb_target_group.external-targer-group",
            "aws_lb_target_group.internal-target-group",
            "aws_s3_bucket.this",
            "aws_security_group.alb-private-sg",
            "aws_security_group.alb-public-sg",
            "aws_security_group.public",
            "aws_subnet.private-subnet-2",
            "aws_subnet.public-subnet-1",
            "aws_vpc.this",
            "data.template_file.user_data_fronted",
            "tls_private_key.this"
          ]
        }
      ]
    },
    {
      "mode": "managed",
      "type": "aws_lb_target_group_attachment",
      "name": "internal-attachment-1",
      "provider": "provider[\"registry.terraform.io/hashicorp/aws\"]",
      "instances": [
        {
          "schema_version": 0,
          "attributes": {
            "availability_zone": null,
            "id": "arn:aws:elasticloadbalancing:us-east-1:831187637319:targetgroup/Internal-Alb-Target-Group/53cfb89e31b73383-20230606014003144000000009",
            "port": 3000,
            "target_group_arn": "arn:aws:elasticloadbalancing:us-east-1:831187637319:targetgroup/Internal-Alb-Target-Group/53cfb89e31b73383",
            "target_id": "i-0c90c72bd61ab7e03"
          },
          "sensitive_attributes": [],
          "private": "bnVsbA==",
          "dependencies": [
            "aws_instance.ec2-private-1",
            "aws_key_pair.generated_key",
            "aws_lb_target_group.internal-target-group",
            "aws_s3_bucket.this",
            "aws_security_group.alb-private-sg",
            "aws_security_group.private",
            "aws_subnet.private-subnet-1",
            "aws_vpc.this",
            "data.template_file.user_data_backend",
            "tls_private_key.this"
          ]
        }
      ]
    },
    {
      "mode": "managed",
      "type": "aws_lb_target_group_attachment",
      "name": "internal-attachment-2",
      "provider": "provider[\"registry.terraform.io/hashicorp/aws\"]",
      "instances": [
        {
          "schema_version": 0,
          "attributes": {
            "availability_zone": null,
            "id": "arn:aws:elasticloadbalancing:us-east-1:831187637319:targetgroup/Internal-Alb-Target-Group/53cfb89e31b73383-20230606014003096500000008",
            "port": 3000,
            "target_group_arn": "arn:aws:elasticloadbalancing:us-east-1:831187637319:targetgroup/Internal-Alb-Target-Group/53cfb89e31b73383",
            "target_id": "i-0f6ee4c5ce8bcde4c"
          },
          "sensitive_attributes": [],
          "private": "bnVsbA==",
          "dependencies": [
            "aws_instance.ec2-private-2",
            "aws_key_pair.generated_key",
            "aws_lb_target_group.internal-target-group",
            "aws_s3_bucket.this",
            "aws_security_group.alb-private-sg",
            "aws_security_group.private",
            "aws_subnet.private-subnet-1",
            "aws_vpc.this",
            "data.template_file.user_data_backend",
            "tls_private_key.this"
          ]
        }
      ]
    },
    {
      "mode": "managed",
      "type": "aws_nat_gateway",
      "name": "nat",
      "provider": "provider[\"registry.terraform.io/hashicorp/aws\"]",
      "instances": [
        {
          "schema_version": 0,
          "attributes": {
            "allocation_id": "eipalloc-0e670f235a47b08e8",
            "association_id": "eipassoc-067700a983ef768fe",
            "connectivity_type": "public",
            "id": "nat-09c63ecdedb7b6939",
            "network_interface_id": "eni-06f695d1b04767a3e",
            "private_ip": "10.0.2.210",
            "public_ip": "54.242.98.87",
            "subnet_id": "subnet-0c982b19bbe55b2f3",
            "tags": {
              "Environment": "dev",
              "Name": "3tier-project-nat-gateway",
              "Path": "terraform/ntg.tf"
            },
            "tags_all": {
              "Environment": "dev",
              "Name": "3tier-project-nat-gateway",
              "Path": "terraform/ntg.tf"
            }
          },
          "sensitive_attributes": [],
          "private": "bnVsbA==",
          "dependencies": [
            "aws_eip.nat",
            "aws_s3_bucket.this",
            "aws_subnet.public-subnet-1",
            "aws_vpc.this"
          ]
        }
      ]
    },
    {
      "mode": "managed",
      "type": "aws_route_table",
      "name": "private",
      "provider": "provider[\"registry.terraform.io/hashicorp/aws\"]",
      "instances": [
        {
          "schema_version": 0,
          "attributes": {
            "arn": "arn:aws:ec2:us-east-1:831187637319:route-table/rtb-03b5db2cf01c7e94c",
            "id": "rtb-03b5db2cf01c7e94c",
            "owner_id": "831187637319",
            "propagating_vgws": [],
            "route": [
              {
                "carrier_gateway_id": "",
                "cidr_block": "0.0.0.0/0",
                "core_network_arn": "",
                "destination_prefix_list_id": "",
                "egress_only_gateway_id": "",
                "gateway_id": "",
                "instance_id": "",
                "ipv6_cidr_block": "",
                "local_gateway_id": "",
                "nat_gateway_id": "nat-09c63ecdedb7b6939",
                "network_interface_id": "",
                "transit_gateway_id": "",
                "vpc_endpoint_id": "",
                "vpc_peering_connection_id": ""
              }
            ],
            "tags": {
              "Environment": "dev",
              "Name": "3tier-project-route_table-private",
              "Path": "terraform/route-table-ntg.tf"
            },
            "tags_all": {
              "Environment": "dev",
              "Name": "3tier-project-route_table-private",
              "Path": "terraform/route-table-ntg.tf"
            },
            "timeouts": null,
            "vpc_id": "vpc-007667b27f29a6d81"
          },
          "sensitive_attributes": [],
          "private": "eyJlMmJmYjczMC1lY2FhLTExZTYtOGY4OC0zNDM2M2JjN2M0YzAiOnsiY3JlYXRlIjozMDAwMDAwMDAwMDAsImRlbGV0ZSI6MzAwMDAwMDAwMDAwLCJ1cGRhdGUiOjEyMDAwMDAwMDAwMH19",
          "dependencies": [
            "aws_eip.nat",
            "aws_nat_gateway.nat",
            "aws_s3_bucket.this",
            "aws_subnet.public-subnet-1",
            "aws_vpc.this"
          ]
        }
      ]
    },
    {
      "mode": "managed",
      "type": "aws_route_table",
      "name": "route",
      "provider": "provider[\"registry.terraform.io/hashicorp/aws\"]",
      "instances": [
        {
          "schema_version": 0,
          "attributes": {
            "arn": "arn:aws:ec2:us-east-1:831187637319:route-table/rtb-0330d294c295a15d8",
            "id": "rtb-0330d294c295a15d8",
            "owner_id": "831187637319",
            "propagating_vgws": [],
            "route": [
              {
                "carrier_gateway_id": "",
                "cidr_block": "0.0.0.0/0",
                "core_network_arn": "",
                "destination_prefix_list_id": "",
                "egress_only_gateway_id": "",
                "gateway_id": "igw-05300c36bccade228",
                "instance_id": "",
                "ipv6_cidr_block": "",
                "local_gateway_id": "",
                "nat_gateway_id": "",
                "network_interface_id": "",
                "transit_gateway_id": "",
                "vpc_endpoint_id": "",
                "vpc_peering_connection_id": ""
              }
            ],
            "tags": {
              "Name": "Internet connection"
            },
            "tags_all": {
              "Name": "Internet connection"
            },
            "timeouts": null,
            "vpc_id": "vpc-007667b27f29a6d81"
          },
          "sensitive_attributes": [],
          "private": "eyJlMmJmYjczMC1lY2FhLTExZTYtOGY4OC0zNDM2M2JjN2M0YzAiOnsiY3JlYXRlIjozMDAwMDAwMDAwMDAsImRlbGV0ZSI6MzAwMDAwMDAwMDAwLCJ1cGRhdGUiOjEyMDAwMDAwMDAwMH19",
          "dependencies": [
            "aws_internet_gateway.this",
            "aws_s3_bucket.this",
            "aws_vpc.this"
          ]
        }
      ]
    },
    {
      "mode": "managed",
      "type": "aws_route_table_association",
      "name": "table-1",
      "provider": "provider[\"registry.terraform.io/hashicorp/aws\"]",
      "instances": [
        {
          "schema_version": 0,
          "attributes": {
            "gateway_id": "",
            "id": "rtbassoc-0e791541c3366c083",
            "route_table_id": "rtb-0330d294c295a15d8",
            "subnet_id": "subnet-0c982b19bbe55b2f3",
            "timeouts": null
          },
          "sensitive_attributes": [],
          "private": "eyJlMmJmYjczMC1lY2FhLTExZTYtOGY4OC0zNDM2M2JjN2M0YzAiOnsiY3JlYXRlIjozMDAwMDAwMDAwMDAsImRlbGV0ZSI6MzAwMDAwMDAwMDAwLCJ1cGRhdGUiOjEyMDAwMDAwMDAwMH19",
          "dependencies": [
            "aws_internet_gateway.this",
            "aws_route_table.route",
            "aws_s3_bucket.this",
            "aws_subnet.public-subnet-1",
            "aws_vpc.this"
          ]
        }
      ]
    },
    {
      "mode": "managed",
      "type": "aws_route_table_association",
      "name": "table-2",
      "provider": "provider[\"registry.terraform.io/hashicorp/aws\"]",
      "instances": [
        {
          "schema_version": 0,
          "attributes": {
            "gateway_id": "",
            "id": "rtbassoc-0200139758834f01f",
            "route_table_id": "rtb-0330d294c295a15d8",
            "subnet_id": "subnet-0f0680a2f535474d5",
            "timeouts": null
          },
          "sensitive_attributes": [],
          "private": "eyJlMmJmYjczMC1lY2FhLTExZTYtOGY4OC0zNDM2M2JjN2M0YzAiOnsiY3JlYXRlIjozMDAwMDAwMDAwMDAsImRlbGV0ZSI6MzAwMDAwMDAwMDAwLCJ1cGRhdGUiOjEyMDAwMDAwMDAwMH19",
          "dependencies": [
            "aws_internet_gateway.this",
            "aws_route_table.route",
            "aws_s3_bucket.this",
            "aws_subnet.public-subnet-2",
            "aws_vpc.this"
          ]
        }
      ]
    },
    {
      "mode": "managed",
      "type": "aws_route_table_association",
      "name": "table-private-1",
      "provider": "provider[\"registry.terraform.io/hashicorp/aws\"]",
      "instances": [
        {
          "schema_version": 0,
          "attributes": {
            "gateway_id": "",
            "id": "rtbassoc-0381b4865934da012",
            "route_table_id": "rtb-03b5db2cf01c7e94c",
            "subnet_id": "subnet-073cbfb0773ddd651",
            "timeouts": null
          },
          "sensitive_attributes": [],
          "private": "eyJlMmJmYjczMC1lY2FhLTExZTYtOGY4OC0zNDM2M2JjN2M0YzAiOnsiY3JlYXRlIjozMDAwMDAwMDAwMDAsImRlbGV0ZSI6MzAwMDAwMDAwMDAwLCJ1cGRhdGUiOjEyMDAwMDAwMDAwMH19",
          "dependencies": [
            "aws_eip.nat",
            "aws_nat_gateway.nat",
            "aws_route_table.private",
            "aws_s3_bucket.this",
            "aws_subnet.private-subnet-1",
            "aws_subnet.public-subnet-1",
            "aws_vpc.this"
          ]
        }
      ]
    },
    {
      "mode": "managed",
      "type": "aws_route_table_association",
      "name": "table-private-2",
      "provider": "provider[\"registry.terraform.io/hashicorp/aws\"]",
      "instances": [
        {
          "schema_version": 0,
          "attributes": {
            "gateway_id": "",
            "id": "rtbassoc-0d773fad99bee6bdd",
            "route_table_id": "rtb-03b5db2cf01c7e94c",
            "subnet_id": "subnet-04294a64e3ec06933",
            "timeouts": null
          },
          "sensitive_attributes": [],
          "private": "eyJlMmJmYjczMC1lY2FhLTExZTYtOGY4OC0zNDM2M2JjN2M0YzAiOnsiY3JlYXRlIjozMDAwMDAwMDAwMDAsImRlbGV0ZSI6MzAwMDAwMDAwMDAwLCJ1cGRhdGUiOjEyMDAwMDAwMDAwMH19",
          "dependencies": [
            "aws_eip.nat",
            "aws_nat_gateway.nat",
            "aws_route_table.private",
            "aws_s3_bucket.this",
            "aws_subnet.private-subnet-2",
            "aws_subnet.public-subnet-1",
            "aws_vpc.this"
          ]
        }
      ]
    },
    {
      "mode": "managed",
      "type": "aws_s3_bucket",
      "name": "this",
      "provider": "provider[\"registry.terraform.io/hashicorp/aws\"]",
      "instances": [
        {
          "schema_version": 0,
          "attributes": {
            "acceleration_status": "",
            "acl": null,
            "arn": "arn:aws:s3:::pf-is-3tier-project-vpc-flow-log",
            "bucket": "pf-is-3tier-project-vpc-flow-log",
            "bucket_domain_name": "pf-is-3tier-project-vpc-flow-log.s3.amazonaws.com",
            "bucket_prefix": "",
            "bucket_regional_domain_name": "pf-is-3tier-project-vpc-flow-log.s3.amazonaws.com",
            "cors_rule": [],
            "force_destroy": false,
            "grant": [
              {
                "id": "3bde5f5f33e33b24cb55df9c5c38c58609daaeb88dafc09050ad71b9be272e2c",
                "permissions": [
                  "FULL_CONTROL"
                ],
                "type": "CanonicalUser",
                "uri": ""
              }
            ],
            "hosted_zone_id": "Z3AQBSTGFYJSTF",
            "id": "pf-is-3tier-project-vpc-flow-log",
            "lifecycle_rule": [],
            "logging": [],
            "object_lock_configuration": [],
            "object_lock_enabled": false,
            "policy": "",
            "region": "us-east-1",
            "replication_configuration": [],
            "request_payer": "BucketOwner",
            "server_side_encryption_configuration": [
              {
                "rule": [
                  {
                    "apply_server_side_encryption_by_default": [
                      {
                        "kms_master_key_id": "",
                        "sse_algorithm": "AES256"
                      }
                    ],
                    "bucket_key_enabled": false
                  }
                ]
              }
            ],
            "tags": {
              "Environment": "dev",
              "Name": "px-3tier-project-vpc-flow-log",
              "Path": "terraform/flow-log.tf"
            },
            "tags_all": {
              "Environment": "dev",
              "Name": "px-3tier-project-vpc-flow-log",
              "Path": "terraform/flow-log.tf"
            },
            "timeouts": null,
            "versioning": [
              {
                "enabled": false,
                "mfa_delete": false
              }
            ],
            "website": [],
            "website_domain": null,
            "website_endpoint": null
          },
          "sensitive_attributes": [],
          "private": "eyJlMmJmYjczMC1lY2FhLTExZTYtOGY4OC0zNDM2M2JjN2M0YzAiOnsiY3JlYXRlIjoxMjAwMDAwMDAwMDAwLCJkZWxldGUiOjM2MDAwMDAwMDAwMDAsInJlYWQiOjEyMDAwMDAwMDAwMDAsInVwZGF0ZSI6MTIwMDAwMDAwMDAwMH19"
        }
      ]
    },
    {
      "mode": "managed",
      "type": "aws_security_group",
      "name": "alb-private-sg",
      "provider": "provider[\"registry.terraform.io/hashicorp/aws\"]",
      "instances": [
        {
          "schema_version": 1,
          "attributes": {
            "arn": "arn:aws:ec2:us-east-1:831187637319:security-group/sg-04db6334c8c7ad9d3",
            "description": "Private Alb Security Group",
            "egress": [
              {
                "cidr_blocks": [
                  "0.0.0.0/0"
                ],
                "description": "",
                "from_port": 0,
                "ipv6_cidr_blocks": [],
                "prefix_list_ids": [],
                "protocol": "-1",
                "security_groups": [],
                "self": false,
                "to_port": 0
              }
            ],
            "id": "sg-04db6334c8c7ad9d3",
            "ingress": [
              {
                "cidr_blocks": [
                  "0.0.0.0/0"
                ],
                "description": "",
                "from_port": 3000,
                "ipv6_cidr_blocks": [],
                "prefix_list_ids": [],
                "protocol": "tcp",
                "security_groups": [],
                "self": false,
                "to_port": 3000
              }
            ],
            "name": "3tier-project-sg-alb-private20230606013924734300000002",
            "name_prefix": "3tier-project-sg-alb-private",
            "owner_id": "831187637319",
            "revoke_rules_on_delete": false,
            "tags": {},
            "tags_all": {},
            "timeouts": null,
            "vpc_id": "vpc-007667b27f29a6d81"
          },
          "sensitive_attributes": [],
          "private": "eyJlMmJmYjczMC1lY2FhLTExZTYtOGY4OC0zNDM2M2JjN2M0YzAiOnsiY3JlYXRlIjo2MDAwMDAwMDAwMDAsImRlbGV0ZSI6OTAwMDAwMDAwMDAwfSwic2NoZW1hX3ZlcnNpb24iOiIxIn0=",
          "dependencies": [
            "aws_s3_bucket.this",
            "aws_vpc.this"
          ]
        }
      ]
    },
    {
      "mode": "managed",
      "type": "aws_security_group",
      "name": "alb-public-sg",
      "provider": "provider[\"registry.terraform.io/hashicorp/aws\"]",
      "instances": [
        {
          "schema_version": 1,
          "attributes": {
            "arn": "arn:aws:ec2:us-east-1:831187637319:security-group/sg-0816c7ed03cab19bd",
            "description": "Public Alb Security Group",
            "egress": [
              {
                "cidr_blocks": [
                  "0.0.0.0/0"
                ],
                "description": "",
                "from_port": 0,
                "ipv6_cidr_blocks": [],
                "prefix_list_ids": [],
                "protocol": "-1",
                "security_groups": [],
                "self": false,
                "to_port": 0
              }
            ],
            "id": "sg-0816c7ed03cab19bd",
            "ingress": [
              {
                "cidr_blocks": [
                  "0.0.0.0/0"
                ],
                "description": "",
                "from_port": 80,
                "ipv6_cidr_blocks": [],
                "prefix_list_ids": [],
                "protocol": "tcp",
                "security_groups": [],
                "self": false,
                "to_port": 80
              }
            ],
            "name": "3tier-project-sg-alb-public20230606013924722800000001",
            "name_prefix": "3tier-project-sg-alb-public",
            "owner_id": "831187637319",
            "revoke_rules_on_delete": false,
            "tags": {},
            "tags_all": {},
            "timeouts": null,
            "vpc_id": "vpc-007667b27f29a6d81"
          },
          "sensitive_attributes": [],
          "private": "eyJlMmJmYjczMC1lY2FhLTExZTYtOGY4OC0zNDM2M2JjN2M0YzAiOnsiY3JlYXRlIjo2MDAwMDAwMDAwMDAsImRlbGV0ZSI6OTAwMDAwMDAwMDAwfSwic2NoZW1hX3ZlcnNpb24iOiIxIn0=",
          "dependencies": [
            "aws_s3_bucket.this",
            "aws_vpc.this"
          ]
        }
      ]
    },
    {
      "mode": "managed",
      "type": "aws_security_group",
      "name": "private",
      "provider": "provider[\"registry.terraform.io/hashicorp/aws\"]",
      "instances": [
        {
          "schema_version": 1,
          "attributes": {
            "arn": "arn:aws:ec2:us-east-1:831187637319:security-group/sg-037af11aefc0fb1fa",
            "description": "Private Security Group",
            "egress": [
              {
                "cidr_blocks": [
                  "0.0.0.0/0"
                ],
                "description": "",
                "from_port": 0,
                "ipv6_cidr_blocks": [],
                "prefix_list_ids": [],
                "protocol": "-1",
                "security_groups": [],
                "self": false,
                "to_port": 0
              }
            ],
            "id": "sg-037af11aefc0fb1fa",
            "ingress": [
              {
                "cidr_blocks": [
                  "10.0.2.0/24",
                  "10.0.3.0/24"
                ],
                "description": "",
                "from_port": 0,
                "ipv6_cidr_blocks": [],
                "prefix_list_ids": [],
                "protocol": "-1",
                "security_groups": [],
                "self": false,
                "to_port": 0
              },
              {
                "cidr_blocks": [],
                "description": "",
                "from_port": 3000,
                "ipv6_cidr_blocks": [],
                "prefix_list_ids": [],
                "protocol": "tcp",
                "security_groups": [
                  "sg-04db6334c8c7ad9d3"
                ],
                "self": false,
                "to_port": 3000
              }
            ],
            "name": "3tier-project-sg-private20230606013927650000000003",
            "name_prefix": "3tier-project-sg-private",
            "owner_id": "831187637319",
            "revoke_rules_on_delete": false,
            "tags": {},
            "tags_all": {},
            "timeouts": null,
            "vpc_id": "vpc-007667b27f29a6d81"
          },
          "sensitive_attributes": [],
          "private": "eyJlMmJmYjczMC1lY2FhLTExZTYtOGY4OC0zNDM2M2JjN2M0YzAiOnsiY3JlYXRlIjo2MDAwMDAwMDAwMDAsImRlbGV0ZSI6OTAwMDAwMDAwMDAwfSwic2NoZW1hX3ZlcnNpb24iOiIxIn0=",
          "dependencies": [
            "aws_s3_bucket.this",
            "aws_security_group.alb-private-sg",
            "aws_vpc.this"
          ]
        }
      ]
    },
    {
      "mode": "managed",
      "type": "aws_security_group",
      "name": "public",
      "provider": "provider[\"registry.terraform.io/hashicorp/aws\"]",
      "instances": [
        {
          "schema_version": 1,
          "attributes": {
            "arn": "arn:aws:ec2:us-east-1:831187637319:security-group/sg-085255ecb032b9374",
            "description": "Public Security Group",
            "egress": [
              {
                "cidr_blocks": [
                  "0.0.0.0/0"
                ],
                "description": "",
                "from_port": 0,
                "ipv6_cidr_blocks": [],
                "prefix_list_ids": [],
                "protocol": "-1",
                "security_groups": [],
                "self": false,
                "to_port": 0
              }
            ],
            "id": "sg-085255ecb032b9374",
            "ingress": [
              {
                "cidr_blocks": [
                  "0.0.0.0/0"
                ],
                "description": "",
                "from_port": 0,
                "ipv6_cidr_blocks": [],
                "prefix_list_ids": [],
                "protocol": "-1",
                "security_groups": [],
                "self": false,
                "to_port": 0
              },
              {
                "cidr_blocks": [],
                "description": "",
                "from_port": 80,
                "ipv6_cidr_blocks": [],
                "prefix_list_ids": [],
                "protocol": "tcp",
                "security_groups": [
                  "sg-0816c7ed03cab19bd"
                ],
                "self": false,
                "to_port": 80
              }
            ],
            "name": "3tier-project-sg-public20230606013927681200000004",
            "name_prefix": "3tier-project-sg-public",
            "owner_id": "831187637319",
            "revoke_rules_on_delete": false,
            "tags": {},
            "tags_all": {},
            "timeouts": null,
            "vpc_id": "vpc-007667b27f29a6d81"
          },
          "sensitive_attributes": [],
          "private": "eyJlMmJmYjczMC1lY2FhLTExZTYtOGY4OC0zNDM2M2JjN2M0YzAiOnsiY3JlYXRlIjo2MDAwMDAwMDAwMDAsImRlbGV0ZSI6OTAwMDAwMDAwMDAwfSwic2NoZW1hX3ZlcnNpb24iOiIxIn0=",
          "dependencies": [
            "aws_s3_bucket.this",
            "aws_security_group.alb-public-sg",
            "aws_vpc.this"
          ]
        }
      ]
    },
    {
      "mode": "managed",
      "type": "aws_subnet",
      "name": "private-subnet-1",
      "provider": "provider[\"registry.terraform.io/hashicorp/aws\"]",
      "instances": [
        {
          "schema_version": 1,
          "attributes": {
            "arn": "arn:aws:ec2:us-east-1:831187637319:subnet/subnet-073cbfb0773ddd651",
            "assign_ipv6_address_on_creation": false,
            "availability_zone": "us-east-1a",
            "availability_zone_id": "use1-az4",
            "cidr_block": "10.0.0.0/24",
            "customer_owned_ipv4_pool": "",
            "enable_dns64": false,
            "enable_lni_at_device_index": 0,
            "enable_resource_name_dns_a_record_on_launch": false,
            "enable_resource_name_dns_aaaa_record_on_launch": false,
            "id": "subnet-073cbfb0773ddd651",
            "ipv6_cidr_block": "",
            "ipv6_cidr_block_association_id": "",
            "ipv6_native": false,
            "map_customer_owned_ip_on_launch": false,
            "map_public_ip_on_launch": false,
            "outpost_arn": "",
            "owner_id": "831187637319",
            "private_dns_hostname_type_on_launch": "ip-name",
            "tags": {
              "Environment": "dev",
              "Name": "3tier-project-private-subnet-1",
              "Path": "terraform/subnet-private.tf"
            },
            "tags_all": {
              "Environment": "dev",
              "Name": "3tier-project-private-subnet-1",
              "Path": "terraform/subnet-private.tf"
            },
            "timeouts": null,
            "vpc_id": "vpc-007667b27f29a6d81"
          },
          "sensitive_attributes": [],
          "private": "eyJlMmJmYjczMC1lY2FhLTExZTYtOGY4OC0zNDM2M2JjN2M0YzAiOnsiY3JlYXRlIjo2MDAwMDAwMDAwMDAsImRlbGV0ZSI6MTIwMDAwMDAwMDAwMH0sInNjaGVtYV92ZXJzaW9uIjoiMSJ9",
          "dependencies": [
            "aws_s3_bucket.this",
            "aws_vpc.this"
          ]
        }
      ]
    },
    {
      "mode": "managed",
      "type": "aws_subnet",
      "name": "private-subnet-2",
      "provider": "provider[\"registry.terraform.io/hashicorp/aws\"]",
      "instances": [
        {
          "schema_version": 1,
          "attributes": {
            "arn": "arn:aws:ec2:us-east-1:831187637319:subnet/subnet-04294a64e3ec06933",
            "assign_ipv6_address_on_creation": false,
            "availability_zone": "us-east-1b",
            "availability_zone_id": "use1-az6",
            "cidr_block": "10.0.1.0/24",
            "customer_owned_ipv4_pool": "",
            "enable_dns64": false,
            "enable_lni_at_device_index": 0,
            "enable_resource_name_dns_a_record_on_launch": false,
            "enable_resource_name_dns_aaaa_record_on_launch": false,
            "id": "subnet-04294a64e3ec06933",
            "ipv6_cidr_block": "",
            "ipv6_cidr_block_association_id": "",
            "ipv6_native": false,
            "map_customer_owned_ip_on_launch": false,
            "map_public_ip_on_launch": false,
            "outpost_arn": "",
            "owner_id": "831187637319",
            "private_dns_hostname_type_on_launch": "ip-name",
            "tags": {
              "Environment": "dev",
              "Name": "3tier-project-private-subnet-2",
              "Path": "terraform/subnet-private.tf"
            },
            "tags_all": {
              "Environment": "dev",
              "Name": "3tier-project-private-subnet-2",
              "Path": "terraform/subnet-private.tf"
            },
            "timeouts": null,
            "vpc_id": "vpc-007667b27f29a6d81"
          },
          "sensitive_attributes": [],
          "private": "eyJlMmJmYjczMC1lY2FhLTExZTYtOGY4OC0zNDM2M2JjN2M0YzAiOnsiY3JlYXRlIjo2MDAwMDAwMDAwMDAsImRlbGV0ZSI6MTIwMDAwMDAwMDAwMH0sInNjaGVtYV92ZXJzaW9uIjoiMSJ9",
          "dependencies": [
            "aws_s3_bucket.this",
            "aws_vpc.this"
          ]
        }
      ]
    },
    {
      "mode": "managed",
      "type": "aws_subnet",
      "name": "public-subnet-1",
      "provider": "provider[\"registry.terraform.io/hashicorp/aws\"]",
      "instances": [
        {
          "schema_version": 1,
          "attributes": {
            "arn": "arn:aws:ec2:us-east-1:831187637319:subnet/subnet-0c982b19bbe55b2f3",
            "assign_ipv6_address_on_creation": false,
            "availability_zone": "us-east-1a",
            "availability_zone_id": "use1-az4",
            "cidr_block": "10.0.2.0/24",
            "customer_owned_ipv4_pool": "",
            "enable_dns64": false,
            "enable_lni_at_device_index": 0,
            "enable_resource_name_dns_a_record_on_launch": false,
            "enable_resource_name_dns_aaaa_record_on_launch": false,
            "id": "subnet-0c982b19bbe55b2f3",
            "ipv6_cidr_block": "",
            "ipv6_cidr_block_association_id": "",
            "ipv6_native": false,
            "map_customer_owned_ip_on_launch": false,
            "map_public_ip_on_launch": true,
            "outpost_arn": "",
            "owner_id": "831187637319",
            "private_dns_hostname_type_on_launch": "ip-name",
            "tags": {
              "Environment": "dev",
              "Name": "3tier-project-public-subnet-1",
              "Path": "terraform/subnet-public.tf"
            },
            "tags_all": {
              "Environment": "dev",
              "Name": "3tier-project-public-subnet-1",
              "Path": "terraform/subnet-public.tf"
            },
            "timeouts": null,
            "vpc_id": "vpc-007667b27f29a6d81"
          },
          "sensitive_attributes": [],
          "private": "eyJlMmJmYjczMC1lY2FhLTExZTYtOGY4OC0zNDM2M2JjN2M0YzAiOnsiY3JlYXRlIjo2MDAwMDAwMDAwMDAsImRlbGV0ZSI6MTIwMDAwMDAwMDAwMH0sInNjaGVtYV92ZXJzaW9uIjoiMSJ9",
          "dependencies": [
            "aws_s3_bucket.this",
            "aws_vpc.this"
          ]
        }
      ]
    },
    {
      "mode": "managed",
      "type": "aws_subnet",
      "name": "public-subnet-2",
      "provider": "provider[\"registry.terraform.io/hashicorp/aws\"]",
      "instances": [
        {
          "schema_version": 1,
          "attributes": {
            "arn": "arn:aws:ec2:us-east-1:831187637319:subnet/subnet-0f0680a2f535474d5",
            "assign_ipv6_address_on_creation": false,
            "availability_zone": "us-east-1b",
            "availability_zone_id": "use1-az6",
            "cidr_block": "10.0.3.0/24",
            "customer_owned_ipv4_pool": "",
            "enable_dns64": false,
            "enable_lni_at_device_index": 0,
            "enable_resource_name_dns_a_record_on_launch": false,
            "enable_resource_name_dns_aaaa_record_on_launch": false,
            "id": "subnet-0f0680a2f535474d5",
            "ipv6_cidr_block": "",
            "ipv6_cidr_block_association_id": "",
            "ipv6_native": false,
            "map_customer_owned_ip_on_launch": false,
            "map_public_ip_on_launch": true,
            "outpost_arn": "",
            "owner_id": "831187637319",
            "private_dns_hostname_type_on_launch": "ip-name",
            "tags": {
              "Environment": "dev",
              "Name": "3tier-project-public-subnet-2",
              "Path": "terraform/subnet-public.tf"
            },
            "tags_all": {
              "Environment": "dev",
              "Name": "3tier-project-public-subnet-2",
              "Path": "terraform/subnet-public.tf"
            },
            "timeouts": null,
            "vpc_id": "vpc-007667b27f29a6d81"
          },
          "sensitive_attributes": [],
          "private": "eyJlMmJmYjczMC1lY2FhLTExZTYtOGY4OC0zNDM2M2JjN2M0YzAiOnsiY3JlYXRlIjo2MDAwMDAwMDAwMDAsImRlbGV0ZSI6MTIwMDAwMDAwMDAwMH0sInNjaGVtYV92ZXJzaW9uIjoiMSJ9",
          "dependencies": [
            "aws_s3_bucket.this",
            "aws_vpc.this"
          ]
        }
      ]
    },
    {
      "mode": "managed",
      "type": "aws_vpc",
      "name": "this",
      "provider": "provider[\"registry.terraform.io/hashicorp/aws\"]",
      "instances": [
        {
          "schema_version": 1,
          "attributes": {
            "arn": "arn:aws:ec2:us-east-1:831187637319:vpc/vpc-007667b27f29a6d81",
            "assign_generated_ipv6_cidr_block": false,
            "cidr_block": "10.0.0.0/16",
            "default_network_acl_id": "acl-0d9eb0994787325df",
            "default_route_table_id": "rtb-042efb41c44d9afb3",
            "default_security_group_id": "sg-0745bcafaee850e89",
            "dhcp_options_id": "dopt-0d619b2cc4568acf4",
            "enable_classiclink": false,
            "enable_classiclink_dns_support": false,
            "enable_dns_hostnames": false,
            "enable_dns_support": true,
            "enable_network_address_usage_metrics": false,
            "id": "vpc-007667b27f29a6d81",
            "instance_tenancy": "default",
            "ipv4_ipam_pool_id": null,
            "ipv4_netmask_length": null,
            "ipv6_association_id": "",
            "ipv6_cidr_block": "",
            "ipv6_cidr_block_network_border_group": "",
            "ipv6_ipam_pool_id": "",
            "ipv6_netmask_length": 0,
            "main_route_table_id": "rtb-042efb41c44d9afb3",
            "owner_id": "831187637319",
            "tags": {
              "Environment": "dev",
              "Name": "3tier-project-vpc",
              "Path": "terraform/vpc.tf"
            },
            "tags_all": {
              "Environment": "dev",
              "Name": "3tier-project-vpc",
              "Path": "terraform/vpc.tf"
            }
          },
          "sensitive_attributes": [],
          "private": "eyJzY2hlbWFfdmVyc2lvbiI6IjEifQ==",
          "dependencies": [
            "aws_s3_bucket.this"
          ]
        }
      ]
    },
    {
      "mode": "managed",
      "type": "local_file",
      "name": "private_key",
      "provider": "provider[\"registry.terraform.io/hashicorp/local\"]",
      "instances": [
        {
          "schema_version": 0,
          "attributes": {
            "content": "-----BEGIN RSA PRIVATE KEY-----\nMIIEpAIBAAKCAQEApYOVFpAaLrLWmcv6lYsY5XVLL45/VMfafaFusRzcyelYWeQ4\ngbEFexRZluhWLw6bunsn2/b2b93kKy+zDd34zRN80dbA5Y8evMLDfQjZTvWlyUqD\n4DI5PyJAUoLGlIUOaWodVm48CTESv1TUz8uYTRt/cTKRRvhGLEBfYkuX9HUTWYCs\nlRO5TDUs/epVX2SxiTCRXA1z7VFRkrN4lKd+vzeSTvCiV7S0F+cfZ79ZQcsLqcRI\n2JZ67V5e4cE1OhWOdeQiLn+/hMh7WtIEemEDZRqL9MfOfvPByBN5c331wXVTLILw\n7ofodQk/vGCkjlU4Q4XMcpenc+tnU7VpVZyKfwIDAQABAoIBAQCNJd5xhGhfpLGw\nLKzA9QNBQzrgDoR1941Tj+TG89cx9WYcGq05pI4I/Ty9ndtJfArACCDgzAYzNiZL\n0fy/eamgsdrDVIHiAqBy1yFBMtenJ4O/WmWGPy5ksb/q3Y2dwK6epRjpyU43hHr5\nYc2ue3ChaS7QiRAtVrL5L9hoChFHLWTLhAGFUkSu3L+DwaHH0qeb7KlagJMFBWdl\nVCYrx3ZRgcEEhLyq1K1DD0gEa7SHk95m8v0agRN4QM9SrD7MuK/WRr7grGcgr1+D\nogdKYFMolxRClfBfwetlk5KII60L1fBKYLhBctRdb0q/AjKqBrizb8Z37jnqZosy\nLo3wlN4hAoGBAMOMBUJ6lVwiMfyyuzLvHJFWmKzhJpRWzeZ5Eby2sPjtvZ7RDCMf\ncuTESGss9PYHFe7slyPCIO9PNoqh7DHfJW/UMbvfgAkg6KMEaWyI6PIXRvbweyPU\n9B+LzpOQS2mpCyEnB7SGZbIy4qsvEpefHBaRlAB8E+a1Y64SFatjaRPvAoGBANiu\nsV0PsGydEqVpDrmX4NQpwsh5X05pHS8g9nGHwm7IdP9JCzXmy7XQfcK6c1qGarc7\nLgPSYy17dic0Z9uBRR9F58jlw9dwJwZ2lYra2P9zF6iFqnUS0UvuiupG5VUw6VTW\nHm/CESL8q6lZxkDzHpIMta2Ra2+Jw+P2MFIQuyJxAoGAUEHdvsU1HBVk0sRAlM0S\nuowCKaJXBTcDVv6FyyBoTiK1WsON6bR0oXP2DRbsizWpSOCNv71jaxTl28xNdsKR\nSO6cYvF+SUDael3LLyKaCRKIq71TrQcwEup8pI/qg7k/uiGcxfkLMDI2We/9/4Ds\nNE8XoYNLX7s+6CjAABHTBL0CgYEAv1s/jXTulGz+649lDqg/SH784vi1H1UbDeTp\nX4fKQPXMxSqnuNly68UNWyw39SkiE2EzGPLy3VbcGHFiiuqVtbGRqcyn8Jm+DSoq\nlK8C1k25Bf3NdIjCx3EJwy4LF/oTBfX2eTIE2kYT/4Il4HQUely5EWiMXbtngOmI\n8OCPszECgYAYRU1hpErpnOF56WE0NhvTdwVc7ZZPOF8BYiilkwL8IKZdd6ZLIXPd\nPa2AeuBhqQDdMq7CJFUyoSoL8uVUANMcBq7enoDs4YUikOcv4J5SoVZ5KOSlRo9d\nanwXFEq+vmqQ49+biZiGMfhLPWyR90prMl+88HrGYBWzGNVb36dZFg==\n-----END RSA PRIVATE KEY-----\n",
            "content_base64": null,
            "content_base64sha256": "6RXbGarFUam1/fG70gAC9tLc76VMkSt0vi+LMwGqPjg=",
            "content_base64sha512": "QxJoNpmXZWyU1dt3LkAoKydKgMVhR9b3RA77g9R1EaTcteJn2jwUmAHEiCUFd6wAi/nnD+FoQNZSoh3tfJAOZw==",
            "content_md5": "8fbbcdb349614d46e7a6fbb399367dc9",
            "content_sha1": "71d956cb6e4a40c19a4818f9bdf4214edd260482",
            "content_sha256": "e915db19aac551a9b5fdf1bbd20002f6d2dcefa54c912b74be2f8b3301aa3e38",
            "content_sha512": "431268369997656c94d5db772e40282b274a80c56147d6f7440efb83d47511a4dcb5e267da3c149801c488250577ac008bf9e70fe16840d652a21ded7c900e67",
            "directory_permission": "0777",
            "file_permission": "0777",
            "filename": "./generated_key.pem",
            "id": "71d956cb6e4a40c19a4818f9bdf4214edd260482",
            "sensitive_content": null,
            "source": null
          },
          "sensitive_attributes": [
            [
              {
                "type": "get_attr",
                "value": "content"
              }
            ]
          ],
          "dependencies": [
            "tls_private_key.this"
          ]
        }
      ]
    },
    {
      "mode": "managed",
      "type": "tls_private_key",
      "name": "this",
      "provider": "provider[\"registry.terraform.io/hashicorp/tls\"]",
      "instances": [
        {
          "schema_version": 1,
          "attributes": {
            "algorithm": "RSA",
            "ecdsa_curve": "P224",
            "id": "54c58e7ba062d07dccf30a72a91d586b3d129dbd",
            "private_key_openssh": "-----BEGIN OPENSSH PRIVATE KEY-----\nb3BlbnNzaC1rZXktdjEAAAAABG5vbmUAAAAEbm9uZQAAAAAAAAABAAABFwAAAAdz\nc2gtcnNhAAAAAwEAAQAAAQEApYOVFpAaLrLWmcv6lYsY5XVLL45/VMfafaFusRzc\nyelYWeQ4gbEFexRZluhWLw6bunsn2/b2b93kKy+zDd34zRN80dbA5Y8evMLDfQjZ\nTvWlyUqD4DI5PyJAUoLGlIUOaWodVm48CTESv1TUz8uYTRt/cTKRRvhGLEBfYkuX\n9HUTWYCslRO5TDUs/epVX2SxiTCRXA1z7VFRkrN4lKd+vzeSTvCiV7S0F+cfZ79Z\nQcsLqcRI2JZ67V5e4cE1OhWOdeQiLn+/hMh7WtIEemEDZRqL9MfOfvPByBN5c331\nwXVTLILw7ofodQk/vGCkjlU4Q4XMcpenc+tnU7VpVZyKfwAAA7j9Uvn3/VL59wAA\nAAdzc2gtcnNhAAABAQClg5UWkBoustaZy/qVixjldUsvjn9Ux9p9oW6xHNzJ6VhZ\n5DiBsQV7FFmW6FYvDpu6eyfb9vZv3eQrL7MN3fjNE3zR1sDljx68wsN9CNlO9aXJ\nSoPgMjk/IkBSgsaUhQ5pah1WbjwJMRK/VNTPy5hNG39xMpFG+EYsQF9iS5f0dRNZ\ngKyVE7lMNSz96lVfZLGJMJFcDXPtUVGSs3iUp36/N5JO8KJXtLQX5x9nv1lBywup\nxEjYlnrtXl7hwTU6FY515CIuf7+EyHta0gR6YQNlGov0x85+88HIE3lzffXBdVMs\ngvDuh+h1CT+8YKSOVThDhcxyl6dz62dTtWlVnIp/AAAAAwEAAQAAAQEAjSXecYRo\nX6SxsCyswPUDQUM64A6EdfeNU4/kxvPXMfVmHBqtOaSOCP08vZ3bSXwKwAgg4MwG\nMzYmS9H8v3mpoLHaw1SB4gKgctchQTLXpyeDv1plhj8uZLG/6t2NncCunqUY6clO\nN4R6+WHNrntwoWku0IkQLVay+S/YaAoRRy1ky4QBhVJErty/g8Ghx9Knm+ypWoCT\nBQVnZVQmK8d2UYHBBIS8qtStQw9IBGu0h5PeZvL9GoETeEDPUqw+zLiv1ka+4Kxn\nIK9fg6IHSmBTKJcUQpXwX8HrZZOSiCOtC9XwSmC4QXLUXW9KvwIyqga4s2/Gd+45\n6maLMi6N8JTeIQAAAIAYRU1hpErpnOF56WE0NhvTdwVc7ZZPOF8BYiilkwL8IKZd\nd6ZLIXPdPa2AeuBhqQDdMq7CJFUyoSoL8uVUANMcBq7enoDs4YUikOcv4J5SoVZ5\nKOSlRo9danwXFEq+vmqQ49+biZiGMfhLPWyR90prMl+88HrGYBWzGNVb36dZFgAA\nAIEAw4wFQnqVXCIx/LK7Mu8ckVaYrOEmlFbN5nkRvLaw+O29ntEMIx9y5MRIayz0\n9gcV7uyXI8Ig7082iqHsMd8lb9Qxu9+ACSDoowRpbIjo8hdG9vB7I9T0H4vOk5BL\naakLIScHtIZlsjLiqy8Sl58cFpGUAHwT5rVjrhIVq2NpE+8AAACBANiusV0PsGyd\nEqVpDrmX4NQpwsh5X05pHS8g9nGHwm7IdP9JCzXmy7XQfcK6c1qGarc7LgPSYy17\ndic0Z9uBRR9F58jlw9dwJwZ2lYra2P9zF6iFqnUS0UvuiupG5VUw6VTWHm/CESL8\nq6lZxkDzHpIMta2Ra2+Jw+P2MFIQuyJxAAAAAAEC\n-----END OPENSSH PRIVATE KEY-----\n",
            "private_key_pem": "-----BEGIN RSA PRIVATE KEY-----\nMIIEpAIBAAKCAQEApYOVFpAaLrLWmcv6lYsY5XVLL45/VMfafaFusRzcyelYWeQ4\ngbEFexRZluhWLw6bunsn2/b2b93kKy+zDd34zRN80dbA5Y8evMLDfQjZTvWlyUqD\n4DI5PyJAUoLGlIUOaWodVm48CTESv1TUz8uYTRt/cTKRRvhGLEBfYkuX9HUTWYCs\nlRO5TDUs/epVX2SxiTCRXA1z7VFRkrN4lKd+vzeSTvCiV7S0F+cfZ79ZQcsLqcRI\n2JZ67V5e4cE1OhWOdeQiLn+/hMh7WtIEemEDZRqL9MfOfvPByBN5c331wXVTLILw\n7ofodQk/vGCkjlU4Q4XMcpenc+tnU7VpVZyKfwIDAQABAoIBAQCNJd5xhGhfpLGw\nLKzA9QNBQzrgDoR1941Tj+TG89cx9WYcGq05pI4I/Ty9ndtJfArACCDgzAYzNiZL\n0fy/eamgsdrDVIHiAqBy1yFBMtenJ4O/WmWGPy5ksb/q3Y2dwK6epRjpyU43hHr5\nYc2ue3ChaS7QiRAtVrL5L9hoChFHLWTLhAGFUkSu3L+DwaHH0qeb7KlagJMFBWdl\nVCYrx3ZRgcEEhLyq1K1DD0gEa7SHk95m8v0agRN4QM9SrD7MuK/WRr7grGcgr1+D\nogdKYFMolxRClfBfwetlk5KII60L1fBKYLhBctRdb0q/AjKqBrizb8Z37jnqZosy\nLo3wlN4hAoGBAMOMBUJ6lVwiMfyyuzLvHJFWmKzhJpRWzeZ5Eby2sPjtvZ7RDCMf\ncuTESGss9PYHFe7slyPCIO9PNoqh7DHfJW/UMbvfgAkg6KMEaWyI6PIXRvbweyPU\n9B+LzpOQS2mpCyEnB7SGZbIy4qsvEpefHBaRlAB8E+a1Y64SFatjaRPvAoGBANiu\nsV0PsGydEqVpDrmX4NQpwsh5X05pHS8g9nGHwm7IdP9JCzXmy7XQfcK6c1qGarc7\nLgPSYy17dic0Z9uBRR9F58jlw9dwJwZ2lYra2P9zF6iFqnUS0UvuiupG5VUw6VTW\nHm/CESL8q6lZxkDzHpIMta2Ra2+Jw+P2MFIQuyJxAoGAUEHdvsU1HBVk0sRAlM0S\nuowCKaJXBTcDVv6FyyBoTiK1WsON6bR0oXP2DRbsizWpSOCNv71jaxTl28xNdsKR\nSO6cYvF+SUDael3LLyKaCRKIq71TrQcwEup8pI/qg7k/uiGcxfkLMDI2We/9/4Ds\nNE8XoYNLX7s+6CjAABHTBL0CgYEAv1s/jXTulGz+649lDqg/SH784vi1H1UbDeTp\nX4fKQPXMxSqnuNly68UNWyw39SkiE2EzGPLy3VbcGHFiiuqVtbGRqcyn8Jm+DSoq\nlK8C1k25Bf3NdIjCx3EJwy4LF/oTBfX2eTIE2kYT/4Il4HQUely5EWiMXbtngOmI\n8OCPszECgYAYRU1hpErpnOF56WE0NhvTdwVc7ZZPOF8BYiilkwL8IKZdd6ZLIXPd\nPa2AeuBhqQDdMq7CJFUyoSoL8uVUANMcBq7enoDs4YUikOcv4J5SoVZ5KOSlRo9d\nanwXFEq+vmqQ49+biZiGMfhLPWyR90prMl+88HrGYBWzGNVb36dZFg==\n-----END RSA PRIVATE KEY-----\n",
            "private_key_pem_pkcs8": "-----BEGIN PRIVATE KEY-----\nMIIEvgIBADANBgkqhkiG9w0BAQEFAASCBKgwggSkAgEAAoIBAQClg5UWkBoustaZ\ny/qVixjldUsvjn9Ux9p9oW6xHNzJ6VhZ5DiBsQV7FFmW6FYvDpu6eyfb9vZv3eQr\nL7MN3fjNE3zR1sDljx68wsN9CNlO9aXJSoPgMjk/IkBSgsaUhQ5pah1WbjwJMRK/\nVNTPy5hNG39xMpFG+EYsQF9iS5f0dRNZgKyVE7lMNSz96lVfZLGJMJFcDXPtUVGS\ns3iUp36/N5JO8KJXtLQX5x9nv1lBywupxEjYlnrtXl7hwTU6FY515CIuf7+EyHta\n0gR6YQNlGov0x85+88HIE3lzffXBdVMsgvDuh+h1CT+8YKSOVThDhcxyl6dz62dT\ntWlVnIp/AgMBAAECggEBAI0l3nGEaF+ksbAsrMD1A0FDOuAOhHX3jVOP5Mbz1zH1\nZhwarTmkjgj9PL2d20l8CsAIIODMBjM2JkvR/L95qaCx2sNUgeICoHLXIUEy16cn\ng79aZYY/LmSxv+rdjZ3Arp6lGOnJTjeEevlhza57cKFpLtCJEC1Wsvkv2GgKEUct\nZMuEAYVSRK7cv4PBocfSp5vsqVqAkwUFZ2VUJivHdlGBwQSEvKrUrUMPSARrtIeT\n3mby/RqBE3hAz1KsPsy4r9ZGvuCsZyCvX4OiB0pgUyiXFEKV8F/B62WTkogjrQvV\n8EpguEFy1F1vSr8CMqoGuLNvxnfuOepmizIujfCU3iECgYEAw4wFQnqVXCIx/LK7\nMu8ckVaYrOEmlFbN5nkRvLaw+O29ntEMIx9y5MRIayz09gcV7uyXI8Ig7082iqHs\nMd8lb9Qxu9+ACSDoowRpbIjo8hdG9vB7I9T0H4vOk5BLaakLIScHtIZlsjLiqy8S\nl58cFpGUAHwT5rVjrhIVq2NpE+8CgYEA2K6xXQ+wbJ0SpWkOuZfg1CnCyHlfTmkd\nLyD2cYfCbsh0/0kLNebLtdB9wrpzWoZqtzsuA9JjLXt2JzRn24FFH0XnyOXD13An\nBnaVitrY/3MXqIWqdRLRS+6K6kblVTDpVNYeb8IRIvyrqVnGQPMekgy1rZFrb4nD\n4/YwUhC7InECgYBQQd2+xTUcFWTSxECUzRK6jAIpolcFNwNW/oXLIGhOIrVaw43p\ntHShc/YNFuyLNalI4I2/vWNrFOXbzE12wpFI7pxi8X5JQNp6XcsvIpoJEoirvVOt\nBzAS6nykj+qDuT+6IZzF+QswMjZZ7/3/gOw0Txehg0tfuz7oKMAAEdMEvQKBgQC/\nWz+NdO6UbP7rj2UOqD9Ifvzi+LUfVRsN5Olfh8pA9czFKqe42XLrxQ1bLDf1KSIT\nYTMY8vLdVtwYcWKK6pW1sZGpzKfwmb4NKiqUrwLWTbkF/c10iMLHcQnDLgsX+hMF\n9fZ5MgTaRhP/giXgdBR6XLkRaIxdu2eA6Yjw4I+zMQKBgBhFTWGkSumc4XnpYTQ2\nG9N3BVztlk84XwFiKKWTAvwgpl13pkshc909rYB64GGpAN0yrsIkVTKhKgvy5VQA\n0xwGrt6egOzhhSKQ5y/gnlKhVnko5KVGj11qfBcUSr6+apDj35uJmIYx+Es9bJH3\nSmsyX7zwesZgFbMY1Vvfp1kW\n-----END PRIVATE KEY-----\n",
            "public_key_fingerprint_md5": "8b:f5:f3:f2:8c:79:36:72:9b:08:f6:f4:ff:c8:e1:1f",
            "public_key_fingerprint_sha256": "SHA256:WIchbnr2YsnP0V0ik9h8uH+Ye9OjtF+MPHC//xiA5tk",
            "public_key_openssh": "ssh-rsa AAAAB3NzaC1yc2EAAAADAQABAAABAQClg5UWkBoustaZy/qVixjldUsvjn9Ux9p9oW6xHNzJ6VhZ5DiBsQV7FFmW6FYvDpu6eyfb9vZv3eQrL7MN3fjNE3zR1sDljx68wsN9CNlO9aXJSoPgMjk/IkBSgsaUhQ5pah1WbjwJMRK/VNTPy5hNG39xMpFG+EYsQF9iS5f0dRNZgKyVE7lMNSz96lVfZLGJMJFcDXPtUVGSs3iUp36/N5JO8KJXtLQX5x9nv1lBywupxEjYlnrtXl7hwTU6FY515CIuf7+EyHta0gR6YQNlGov0x85+88HIE3lzffXBdVMsgvDuh+h1CT+8YKSOVThDhcxyl6dz62dTtWlVnIp/\n",
            "public_key_pem": "-----BEGIN PUBLIC KEY-----\nMIIBIjANBgkqhkiG9w0BAQEFAAOCAQ8AMIIBCgKCAQEApYOVFpAaLrLWmcv6lYsY\n5XVLL45/VMfafaFusRzcyelYWeQ4gbEFexRZluhWLw6bunsn2/b2b93kKy+zDd34\nzRN80dbA5Y8evMLDfQjZTvWlyUqD4DI5PyJAUoLGlIUOaWodVm48CTESv1TUz8uY\nTRt/cTKRRvhGLEBfYkuX9HUTWYCslRO5TDUs/epVX2SxiTCRXA1z7VFRkrN4lKd+\nvzeSTvCiV7S0F+cfZ79ZQcsLqcRI2JZ67V5e4cE1OhWOdeQiLn+/hMh7WtIEemED\nZRqL9MfOfvPByBN5c331wXVTLILw7ofodQk/vGCkjlU4Q4XMcpenc+tnU7VpVZyK\nfwIDAQAB\n-----END PUBLIC KEY-----\n",
            "rsa_bits": 2048
          },
          "sensitive_attributes": []
        }
      ]
    }
  ],
  "check_results": null
}
